---
lockfileVersion: 1
lockfileVendor: redhat
arches:
- arch: x86_64
  packages:
  - url: https://cdn.redhat.com/content/dist/rhel10/10/x86_64/appstream/os/Packages/l/libvirt-libs-11.10.0-12.9.el10_2.x86_64.rpm
    repoid: rhel-10-for-x86_64-appstream-rpms
    size: 5773561
    checksum: sha256:bf88c4828be5d4bc48d8ecd7cc08bfb5a1877827d7e84a07b61a4bb7d4b0e1da
    name: libvirt-libs
    evr: 11.10.0-12.9.el10_2
    sourcerpm: libvirt-11.10.0-12.9.el10_2.src.rpm
  - url: https://cdn.redhat.com/content/dist/rhel10/10/x86_64/baseos/os/Packages/c/cyrus-sasl-gssapi-2.1.28-30.el10_2.x86_64.rpm
    repoid: rhel-10-for-x86_64-baseos-rpms
    size: 32657
    checksum: sha256:9a594b9144eb9627de0ad01b697c3491d040125f7f481137edd72a3a5dbeb4fe
    name: cyrus-sasl-gssapi
    evr: 2.1.28-30.el10_2
    sourcerpm: cyrus-sasl-2.1.28-30.el10_2.src.rpm
  - url: https://cdn.redhat.com/content/dist/rhel10/10/x86_64/baseos/os/Packages/l/libnl3-3.11.0-1.el10.x86_64.rpm
    repoid: rhel-10-for-x86_64-baseos-rpms
    size: 374208
    checksum: sha256:f43e83ce1afebac43eb81dc348829516fb97dce8b0e05ad76a1d06af4342e5f4
    name: libnl3
    evr: 3.11.0-1.el10
    sourcerpm: libnl3-3.11.0-1.el10.src.rpm
  - url: https://cdn.redhat.com/content/dist/rhel10/10/x86_64/baseos/os/Packages/n/numactl-libs-2.0.19-3.el10.x86_64.rpm
    repoid: rhel-10-for-x86_64-baseos-rpms
    size: 31933
    checksum: sha256:7bc28999ae2e0cc748378f54b39b4ac3ffc9cd39af9d0388f98ae0a6e4b40289
    name: numactl-libs
    evr: 2.0.19-3.el10
    sourcerpm: numactl-2.0.19-3.el10.src.rpm
  - url: https://cdn.redhat.com/content/dist/rhel10/10/x86_64/codeready-builder/os/Packages/l/libvirt-devel-11.10.0-12.9.el10_2.x86_64.rpm
    repoid: codeready-builder-for-rhel-10-x86_64-rpms
    size: 241182
    checksum: sha256:8b3a06fce77fead0ceefcb85205b19a74e1b8cc5cfeaca3f3a416095771c5edb
    name: libvirt-devel
    evr: 11.10.0-12.9.el10_2
    sourcerpm: libvirt-11.10.0-12.9.el10_2.src.rpm
  source:
  - url: https://cdn.redhat.com/content/dist/rhel10/10/x86_64/appstream/source/SRPMS/Packages/l/libvirt-11.10.0-12.9.el10_2.src.rpm
    repoid: rhel-10-for-x86_64-appstream-source-rpms
    size: 11048477
    checksum: sha256:f11404a06c42ef680ef94ee9e9e52280a99048d298170870af3e86e5d3f09445
    name: libvirt
    evr: 11.10.0-12.9.el10_2
  - url: https://cdn.redhat.com/content/dist/rhel10/10/x86_64/baseos/source/SRPMS/Packages/c/cyrus-sasl-2.1.28-30.el10_2.src.rpm
    repoid: rhel-10-for-x86_64-baseos-source-rpms
    size: 3993919
    checksum: sha256:00bbabd9b2c77dac54ddf5374ef30443ab41a131e89cb58f29ac2743a8db0d82
    name: cyrus-sasl
    evr: 2.1.28-30.el10_2
  - url: https://cdn.redhat.com/content/dist/rhel10/10/x86_64/baseos/source/SRPMS/Packages/l/libnl3-3.11.0-1.el10.src.rpm
    repoid: rhel-10-for-x86_64-baseos-source-rpms
    size: 5089028
    checksum: sha256:3da5f6833d136beefc1a8c2644a571ec7ce4916588aacd3b01afda037e2cc90a
    name: libnl3
    evr: 3.11.0-1.el10
  - url: https://cdn.redhat.com/content/dist/rhel10/10/x86_64/baseos/source/SRPMS/Packages/n/numactl-2.0.19-3.el10.src.rpm
    repoid: rhel-10-for-x86_64-baseos-source-rpms
    size: 252993
    checksum: sha256:177c0cdfccb1cb0a8e9b3243bb58fb7973527f4216c26289954e1bd68e7e6e39
    name: numactl
    evr: 2.0.19-3.el10
  module_metadata: []
