---
lockfileVersion: 1
lockfileVendor: redhat
arches:
- arch: x86_64
  packages:
  - url: https://cdn.redhat.com/content/dist/rhel9/9/x86_64/appstream/os/Packages/l/libvirt-libs-10.10.0-7.7.el9_6.x86_64.rpm
    repoid: rhel-9-for-x86_64-appstream-rpms
    size: 5325120
    checksum: sha256:aaa2440e2be453e33ddb5480163fe4d7b70fb51efdd3d40542d87d7727af58d9
    name: libvirt-libs
    evr: 10.10.0-7.7.el9_6
    sourcerpm: libvirt-10.10.0-7.7.el9_6.src.rpm
  - url: https://cdn.redhat.com/content/dist/rhel9/9/x86_64/baseos/os/Packages/c/cyrus-sasl-gssapi-2.1.27-21.el9.x86_64.rpm
    repoid: rhel-9-for-x86_64-baseos-rpms
    size: 28739
    checksum: sha256:ea04812e70f7185355de2cf44ccd03dba237e3671b670cd3c53debd7665bc667
    name: cyrus-sasl-gssapi
    evr: 2.1.27-21.el9
    sourcerpm: cyrus-sasl-2.1.27-21.el9.src.rpm
  - url: https://cdn.redhat.com/content/dist/rhel9/9/x86_64/baseos/os/Packages/l/libnl3-3.11.0-1.el9.x86_64.rpm
    repoid: rhel-9-for-x86_64-baseos-rpms
    size: 376137
    checksum: sha256:89728a253a5bf1c8e01c40573f1283d40188e003bdbd4ac565f8b0f05bced55c
    name: libnl3
    evr: 3.11.0-1.el9
    sourcerpm: libnl3-3.11.0-1.el9.src.rpm
  - url: https://cdn.redhat.com/content/dist/rhel9/9/x86_64/baseos/os/Packages/l/libpkgconf-1.7.3-10.el9.x86_64.rpm
    repoid: rhel-9-for-x86_64-baseos-rpms
    size: 38387
    checksum: sha256:4feae5941b73640bd86b8d506a657cac5b770043db1464fbcd207721b2159dda
    name: libpkgconf
    evr: 1.7.3-10.el9
    sourcerpm: pkgconf-1.7.3-10.el9.src.rpm
  - url: https://cdn.redhat.com/content/dist/rhel9/9/x86_64/baseos/os/Packages/l/libssh-0.10.4-13.el9.x86_64.rpm
    repoid: rhel-9-for-x86_64-baseos-rpms
    size: 224804
    checksum: sha256:7c51bc940814b49a57b331b68508732b76b16f5c237538c26fc06e6d824da77f
    name: libssh
    evr: 0.10.4-13.el9
    sourcerpm: libssh-0.10.4-13.el9.src.rpm
  - url: https://cdn.redhat.com/content/dist/rhel9/9/x86_64/baseos/os/Packages/l/libssh-config-0.10.4-13.el9.noarch.rpm
    repoid: rhel-9-for-x86_64-baseos-rpms
    size: 11463
    checksum: sha256:0cc66bee3af1b8939f108dce622a47a58482f182ab3abb851b3252a44315aa23
    name: libssh-config
    evr: 0.10.4-13.el9
    sourcerpm: libssh-0.10.4-13.el9.src.rpm
  - url: https://cdn.redhat.com/content/dist/rhel9/9/x86_64/baseos/os/Packages/l/libtirpc-1.3.3-9.el9.x86_64.rpm
    repoid: rhel-9-for-x86_64-baseos-rpms
    size: 98934
    checksum: sha256:f82cd69dc3aac881d5b574930c7d274687054cb5b03d3a8e3affa7bbcd5950b1
    name: libtirpc
    evr: 1.3.3-9.el9
    sourcerpm: libtirpc-1.3.3-9.el9.src.rpm
  - url: https://cdn.redhat.com/content/dist/rhel9/9/x86_64/baseos/os/Packages/n/numactl-libs-2.0.19-1.el9.x86_64.rpm
    repoid: rhel-9-for-x86_64-baseos-rpms
    size: 33709
    checksum: sha256:ce2f00b2527e29f6b389e5899750e2b6eb1e5ce484ddfdcd6f01fa311efe7860
    name: numactl-libs
    evr: 2.0.19-1.el9
    sourcerpm: numactl-2.0.19-1.el9.src.rpm
  - url: https://cdn.redhat.com/content/dist/rhel9/9/x86_64/baseos/os/Packages/p/pkgconf-1.7.3-10.el9.x86_64.rpm
    repoid: rhel-9-for-x86_64-baseos-rpms
    size: 45675
    checksum: sha256:bb47b4ecc499c308f41031a99e723827d152d5d750f59849d0c265d820944a26
    name: pkgconf
    evr: 1.7.3-10.el9
    sourcerpm: pkgconf-1.7.3-10.el9.src.rpm
  - url: https://cdn.redhat.com/content/dist/rhel9/9/x86_64/baseos/os/Packages/p/pkgconf-m4-1.7.3-10.el9.noarch.rpm
    repoid: rhel-9-for-x86_64-baseos-rpms
    size: 16054
    checksum: sha256:91bafd6e06099451f60288327b275cfcc651822f6145176a157c6b0fa5131e02
    name: pkgconf-m4
    evr: 1.7.3-10.el9
    sourcerpm: pkgconf-1.7.3-10.el9.src.rpm
  - url: https://cdn.redhat.com/content/dist/rhel9/9/x86_64/baseos/os/Packages/p/pkgconf-pkg-config-1.7.3-10.el9.x86_64.rpm
    repoid: rhel-9-for-x86_64-baseos-rpms
    size: 12438
    checksum: sha256:9a502d81d73d3303ceb53a06ad7ce525c97117ea64352174a33708bf3429283d
    name: pkgconf-pkg-config
    evr: 1.7.3-10.el9
    sourcerpm: pkgconf-1.7.3-10.el9.src.rpm
  - url: https://cdn.redhat.com/content/dist/rhel9/9/x86_64/baseos/os/Packages/t/tar-1.34-7.el9.x86_64.rpm
    repoid: rhel-9-for-x86_64-baseos-rpms
    size: 910235
    checksum: sha256:17f2e592a2c04c050b690afeb9042e02521a0b5ee3288dad837463f4acf542c3
    name: tar
    evr: 2:1.34-7.el9
    sourcerpm: tar-1.34-7.el9.src.rpm
  - url: https://cdn.redhat.com/content/dist/rhel9/9/x86_64/codeready-builder/os/Packages/l/libvirt-devel-10.10.0-7.7.el9_6.x86_64.rpm
    repoid: codeready-builder-for-rhel-9-x86_64-rpms
    size: 214197
    checksum: sha256:47f8657312197e50d8da0e7584d4452c731d30c7e78974c44f7911a193fb3ad1
    name: libvirt-devel
    evr: 10.10.0-7.7.el9_6
    sourcerpm: libvirt-10.10.0-7.7.el9_6.src.rpm
  source:
  - url: https://cdn.redhat.com/content/dist/rhel9/9/x86_64/appstream/source/SRPMS/Packages/l/libvirt-10.10.0-7.7.el9_6.src.rpm
    repoid: rhel-9-for-x86_64-appstream-source-rpms
    size: 10090679
    checksum: sha256:cec90c01d79ecbbd6709e4d9f44287f4d4f110e939a12a11387dcdbdf1e7e3f6
    name: libvirt
    evr: 10.10.0-7.7.el9_6
  - url: https://cdn.redhat.com/content/dist/rhel9/9/x86_64/baseos/source/SRPMS/Packages/c/cyrus-sasl-2.1.27-21.el9.src.rpm
    repoid: rhel-9-for-x86_64-baseos-source-rpms
    size: 4030574
    checksum: sha256:e46ec9eefa07147569cecd7e2377c37db8380243672f7ed5c744e47341923048
    name: cyrus-sasl
    evr: 2.1.27-21.el9
  - url: https://cdn.redhat.com/content/dist/rhel9/9/x86_64/baseos/source/SRPMS/Packages/l/libnl3-3.11.0-1.el9.src.rpm
    repoid: rhel-9-for-x86_64-baseos-source-rpms
    size: 5068824
    checksum: sha256:13f6ea90f26fbc96e3754584a576c03ca41221fc939164f5a7b6341a6372fd7a
    name: libnl3
    evr: 3.11.0-1.el9
  - url: https://cdn.redhat.com/content/dist/rhel9/9/x86_64/baseos/source/SRPMS/Packages/l/libssh-0.10.4-13.el9.src.rpm
    repoid: rhel-9-for-x86_64-baseos-source-rpms
    size: 670226
    checksum: sha256:27606f3c6b33c346dec927f99a56cece41b09a0780b8c3d33599bb9020a5906f
    name: libssh
    evr: 0.10.4-13.el9
  - url: https://cdn.redhat.com/content/dist/rhel9/9/x86_64/baseos/source/SRPMS/Packages/l/libtirpc-1.3.3-9.el9.src.rpm
    repoid: rhel-9-for-x86_64-baseos-source-rpms
    size: 589716
    checksum: sha256:95d684042f4c5f63ac57923639fd1e7d6d278766b4ee99feb24baa5567fe4b7e
    name: libtirpc
    evr: 1.3.3-9.el9
  - url: https://cdn.redhat.com/content/dist/rhel9/9/x86_64/baseos/source/SRPMS/Packages/n/numactl-2.0.19-1.el9.src.rpm
    repoid: rhel-9-for-x86_64-baseos-source-rpms
    size: 231614
    checksum: sha256:df493be344a68a29145a960db9b1fff8ff8ed673338b1608f404a648ef38164c
    name: numactl
    evr: 2.0.19-1.el9
  - url: https://cdn.redhat.com/content/dist/rhel9/9/x86_64/baseos/source/SRPMS/Packages/p/pkgconf-1.7.3-10.el9.src.rpm
    repoid: rhel-9-for-x86_64-baseos-source-rpms
    size: 310904
    checksum: sha256:4d53718592b298ca7c49665b1f4e7bd32dcb42cad15c89345585da9f20d4fcae
    name: pkgconf
    evr: 1.7.3-10.el9
  - url: https://cdn.redhat.com/content/dist/rhel9/9/x86_64/baseos/source/SRPMS/Packages/t/tar-1.34-7.el9.src.rpm
    repoid: rhel-9-for-x86_64-baseos-source-rpms
    size: 2261512
    checksum: sha256:d002c400d29e7305fe8a982ab6b9f49ee7a8780e4574b86fc0c5b3d5510ecb22
    name: tar
    evr: 2:1.34-7.el9
  module_metadata: []
