---
lockfileVersion: 1
lockfileVendor: redhat
arches:
- arch: x86_64
  packages:
  - url: https://cdn-ubi.redhat.com/content/public/ubi/dist/ubi9/9/x86_64/appstream/os/Packages/l/libxcrypt-compat-4.4.18-3.el9.x86_64.rpm
    repoid: ubi-9-for-x86_64-appstream-rpms
    size: 93189
    checksum: sha256:2bd6c288e1970a001d3a1ae69166c0d926d9c87ce892edcb2110f4e142c12a7a
    name: libxcrypt-compat
    evr: 4.4.18-3.el9
    sourcerpm: libxcrypt-4.4.18-3.el9.src.rpm
  - url: https://cdn-ubi.redhat.com/content/public/ubi/dist/ubi9/9/x86_64/appstream/os/Packages/p/python-unversioned-command-3.9.21-2.el9_6.2.noarch.rpm
    repoid: ubi-9-for-x86_64-appstream-rpms
    size: 9102
    checksum: sha256:7aec11632e430e2d0ee4a4a4e60336ce36ebdd023e6a5645175654e3e339e688
    name: python-unversioned-command
    evr: 3.9.21-2.el9_6.2
    sourcerpm: python3.9-3.9.21-2.el9_6.2.src.rpm
  - url: https://cdn-ubi.redhat.com/content/public/ubi/dist/ubi9/9/x86_64/baseos/os/Packages/e/expat-2.5.0-5.el9_6.x86_64.rpm
    repoid: ubi-9-for-x86_64-baseos-rpms
    size: 121835
    checksum: sha256:63522da84934e944305c9e206894031988ab9e561bba2e6c131d76093d1a0211
    name: expat
    evr: 2.5.0-5.el9_6
    sourcerpm: expat-2.5.0-5.el9_6.src.rpm
  - url: https://cdn-ubi.redhat.com/content/public/ubi/dist/ubi9/9/x86_64/baseos/os/Packages/p/python3-3.9.21-2.el9_6.2.x86_64.rpm
    repoid: ubi-9-for-x86_64-baseos-rpms
    size: 26190
    checksum: sha256:2572fc0f6c65dc5201c65a48f7d962a04a09669feae2fcdc4e5f9e910b9195c6
    name: python3
    evr: 3.9.21-2.el9_6.2
    sourcerpm: python3.9-3.9.21-2.el9_6.2.src.rpm
  - url: https://cdn-ubi.redhat.com/content/public/ubi/dist/ubi9/9/x86_64/baseos/os/Packages/p/python3-libs-3.9.21-2.el9_6.2.x86_64.rpm
    repoid: ubi-9-for-x86_64-baseos-rpms
    size: 8474800
    checksum: sha256:a8a433346daa16f25d8f672bdc6cbee9277631c60378006fb1056b4443ce505d
    name: python3-libs
    evr: 3.9.21-2.el9_6.2
    sourcerpm: python3.9-3.9.21-2.el9_6.2.src.rpm
  - url: https://cdn-ubi.redhat.com/content/public/ubi/dist/ubi9/9/x86_64/baseos/os/Packages/p/python3-pip-wheel-21.3.1-1.el9.noarch.rpm
    repoid: ubi-9-for-x86_64-baseos-rpms
    size: 1193706
    checksum: sha256:75c46aab03898c66ce16be556432b71aed7efcedce02b9263339c14f57b4fdc0
    name: python3-pip-wheel
    evr: 21.3.1-1.el9
    sourcerpm: python-pip-21.3.1-1.el9.src.rpm
  - url: https://cdn-ubi.redhat.com/content/public/ubi/dist/ubi9/9/x86_64/baseos/os/Packages/p/python3-setuptools-wheel-53.0.0-13.el9_6.1.noarch.rpm
    repoid: ubi-9-for-x86_64-baseos-rpms
    size: 479114
    checksum: sha256:99807cec6f3941b1ec963813a5eaf7cf7922690cda6b35cd0f1fe0a3bdc1459f
    name: python3-setuptools-wheel
    evr: 53.0.0-13.el9_6.1
    sourcerpm: python-setuptools-53.0.0-13.el9_6.1.src.rpm
  source:
  - url: https://cdn-ubi.redhat.com/content/public/ubi/dist/ubi9/9/x86_64/baseos/source/SRPMS/Packages/e/expat-2.5.0-5.el9_6.src.rpm
    repoid: ubi-9-for-x86_64-baseos-source-rpms
    size: 8369732
    checksum: sha256:736df300c50aad5de613ee8322bedb9522042024a95df9c886089e225bc764f7
    name: expat
    evr: 2.5.0-5.el9_6
  - url: https://cdn-ubi.redhat.com/content/public/ubi/dist/ubi9/9/x86_64/baseos/source/SRPMS/Packages/l/libxcrypt-4.4.18-3.el9.src.rpm
    repoid: ubi-9-for-x86_64-baseos-source-rpms
    size: 543970
    checksum: sha256:d18f72eb41ecd0370e2e47f1dc5774be54e9ff3b4dd333578017666c7c488f40
    name: libxcrypt
    evr: 4.4.18-3.el9
  - url: https://cdn-ubi.redhat.com/content/public/ubi/dist/ubi9/9/x86_64/baseos/source/SRPMS/Packages/p/python-pip-21.3.1-1.el9.src.rpm
    repoid: ubi-9-for-x86_64-baseos-source-rpms
    size: 8984717
    checksum: sha256:cb9e0cca3bd8dc24798cf1fb333d574774ce8288598331d44994d768f33648d3
    name: python-pip
    evr: 21.3.1-1.el9
  - url: https://cdn-ubi.redhat.com/content/public/ubi/dist/ubi9/9/x86_64/baseos/source/SRPMS/Packages/p/python-setuptools-53.0.0-13.el9_6.1.src.rpm
    repoid: ubi-9-for-x86_64-baseos-source-rpms
    size: 2080099
    checksum: sha256:9cd7d11ed9e7fe2fa274de10d803f6fecd53cc1101bd0cbae386dbb66ce03824
    name: python-setuptools
    evr: 53.0.0-13.el9_6.1
  - url: https://cdn-ubi.redhat.com/content/public/ubi/dist/ubi9/9/x86_64/baseos/source/SRPMS/Packages/p/python3.9-3.9.21-2.el9_6.2.src.rpm
    repoid: ubi-9-for-x86_64-baseos-source-rpms
    size: 20294169
    checksum: sha256:9911695a9765085c3a6e72e929e9d9d8e78309823967e1f6dd7fb97696aa0d01
    name: python3.9
    evr: 3.9.21-2.el9_6.2
  module_metadata: []
