---
lockfileVersion: 1
lockfileVendor: redhat
arches:
- arch: x86_64
  packages:
  - url: https://cdn-ubi.redhat.com/content/public/ubi/dist/ubi9/9/x86_64/appstream/os/Packages/l/libxcrypt-compat-4.4.18-3.el9.x86_64.rpm
    repoid: ubi-9-for-x86_64-appstream-rpms
    size: 93189
    checksum: sha256:2bd6c288e1970a001d3a1ae69166c0d926d9c87ce892edcb2110f4e142c12a7a
    name: libxcrypt-compat
    evr: 4.4.18-3.el9
    sourcerpm: libxcrypt-4.4.18-3.el9.src.rpm
  - url: https://cdn-ubi.redhat.com/content/public/ubi/dist/ubi9/9/x86_64/appstream/os/Packages/p/python-unversioned-command-3.9.25-7.el9_8.3.noarch.rpm
    repoid: ubi-9-for-x86_64-appstream-rpms
    size: 15791
    checksum: sha256:6942913da91f52227ca9b22c6bd4269f49682a807beb0380dbdafe8c0a51d86e
    name: python-unversioned-command
    evr: 3.9.25-7.el9_8.3
    sourcerpm: python3.9-3.9.25-7.el9_8.3.src.rpm
  - url: https://cdn-ubi.redhat.com/content/public/ubi/dist/ubi9/9/x86_64/baseos/os/Packages/e/expat-2.5.0-6.el9_8.1.x86_64.rpm
    repoid: ubi-9-for-x86_64-baseos-rpms
    size: 126909
    checksum: sha256:6a0c98d67b643fe620297e4cd7e990f99a86ed6bc90a8295a952c626ecbb9f62
    name: expat
    evr: 2.5.0-6.el9_8.1
    sourcerpm: expat-2.5.0-6.el9_8.1.src.rpm
  - url: https://cdn-ubi.redhat.com/content/public/ubi/dist/ubi9/9/x86_64/baseos/os/Packages/p/python3-3.9.25-7.el9_8.3.x86_64.rpm
    repoid: ubi-9-for-x86_64-baseos-rpms
    size: 33200
    checksum: sha256:f0d622eb17a038e98c23ef9bd6961c104c55b3534f69c301b2067cd9161f40f7
    name: python3
    evr: 3.9.25-7.el9_8.3
    sourcerpm: python3.9-3.9.25-7.el9_8.3.src.rpm
  - url: https://cdn-ubi.redhat.com/content/public/ubi/dist/ubi9/9/x86_64/baseos/os/Packages/p/python3-libs-3.9.25-7.el9_8.3.x86_64.rpm
    repoid: ubi-9-for-x86_64-baseos-rpms
    size: 8483866
    checksum: sha256:6227afce7123d2e6c46a4a6d318087c512caebf6e09f7bfc0ba73f7e5853fba4
    name: python3-libs
    evr: 3.9.25-7.el9_8.3
    sourcerpm: python3.9-3.9.25-7.el9_8.3.src.rpm
  - url: https://cdn-ubi.redhat.com/content/public/ubi/dist/ubi9/9/x86_64/baseos/os/Packages/p/python3-pip-wheel-21.3.1-2.el9_8.noarch.rpm
    repoid: ubi-9-for-x86_64-baseos-rpms
    size: 1198443
    checksum: sha256:918041963ad5c3b91276bf1ed3307280673ca8352e2e632bbb3847b33d2bc15a
    name: python3-pip-wheel
    evr: 21.3.1-2.el9_8
    sourcerpm: python-pip-21.3.1-2.el9_8.src.rpm
  - url: https://cdn-ubi.redhat.com/content/public/ubi/dist/ubi9/9/x86_64/baseos/os/Packages/p/python3-setuptools-wheel-53.0.0-15.el9.noarch.rpm
    repoid: ubi-9-for-x86_64-baseos-rpms
    size: 479203
    checksum: sha256:36dacb345e21bc0308ef2508f0c93995520a15ef0b56aab3593186c8dc9c0c5a
    name: python3-setuptools-wheel
    evr: 53.0.0-15.el9
    sourcerpm: python-setuptools-53.0.0-15.el9.src.rpm
  source:
  - url: https://cdn-ubi.redhat.com/content/public/ubi/dist/ubi9/9/x86_64/baseos/source/SRPMS/Packages/e/expat-2.5.0-6.el9_8.1.src.rpm
    repoid: ubi-9-for-x86_64-baseos-source-rpms
    size: 8390481
    checksum: sha256:3ef9a4df767dbc5e75944b5c197d186f8b5ca8745522e07cdf1a195229d381b4
    name: expat
    evr: 2.5.0-6.el9_8.1
  - url: https://cdn-ubi.redhat.com/content/public/ubi/dist/ubi9/9/x86_64/baseos/source/SRPMS/Packages/l/libxcrypt-4.4.18-3.el9.src.rpm
    repoid: ubi-9-for-x86_64-baseos-source-rpms
    size: 543970
    checksum: sha256:d18f72eb41ecd0370e2e47f1dc5774be54e9ff3b4dd333578017666c7c488f40
    name: libxcrypt
    evr: 4.4.18-3.el9
  - url: https://cdn-ubi.redhat.com/content/public/ubi/dist/ubi9/9/x86_64/baseos/source/SRPMS/Packages/p/python-pip-21.3.1-2.el9_8.src.rpm
    repoid: ubi-9-for-x86_64-baseos-source-rpms
    size: 8988034
    checksum: sha256:c755a55a4023f5a52ecae2029ebb9be588981de14a10ff9adc4174277e47a00a
    name: python-pip
    evr: 21.3.1-2.el9_8
  - url: https://cdn-ubi.redhat.com/content/public/ubi/dist/ubi9/9/x86_64/baseos/source/SRPMS/Packages/p/python-setuptools-53.0.0-15.el9.src.rpm
    repoid: ubi-9-for-x86_64-baseos-source-rpms
    size: 2080284
    checksum: sha256:08d279a3ec69f016e717f56bcec922cd68353fa8acba8de8fb56cf34ebc876a5
    name: python-setuptools
    evr: 53.0.0-15.el9
  - url: https://cdn-ubi.redhat.com/content/public/ubi/dist/ubi9/9/x86_64/baseos/source/SRPMS/Packages/p/python3.9-3.9.25-7.el9_8.3.src.rpm
    repoid: ubi-9-for-x86_64-baseos-source-rpms
    size: 20831107
    checksum: sha256:d4be5c5cea9a32cc7ee36bf3d858cba036c3cc826408c7be84057f9567b6d029
    name: python3.9
    evr: 3.9.25-7.el9_8.3
  module_metadata: []
