---
lockfileVersion: 1
lockfileVendor: redhat
arches:
- arch: x86_64
  packages:
  - url: https://cdn-ubi.redhat.com/content/public/ubi/dist/ubi9/9/x86_64/appstream/os/Packages/l/libxcrypt-compat-4.4.18-3.el9.x86_64.rpm
    repoid: ubi-9-for-x86_64-appstream-rpms
    size: 93189
    checksum: sha256:2bd6c288e1970a001d3a1ae69166c0d926d9c87ce892edcb2110f4e142c12a7a
    name: libxcrypt-compat
    evr: 4.4.18-3.el9
    sourcerpm: libxcrypt-4.4.18-3.el9.src.rpm
  - url: https://cdn-ubi.redhat.com/content/public/ubi/dist/ubi9/9/x86_64/appstream/os/Packages/p/python-unversioned-command-3.9.25-3.el9_7.3.noarch.rpm
    repoid: ubi-9-for-x86_64-appstream-rpms
    size: 16129
    checksum: sha256:eb0b07f6409e37adb1094444ed1b82b2acc5a5a9cecd09e8001a06584c96f1e3
    name: python-unversioned-command
    evr: 3.9.25-3.el9_7.3
    sourcerpm: python3.9-3.9.25-3.el9_7.3.src.rpm
  - url: https://cdn-ubi.redhat.com/content/public/ubi/dist/ubi9/9/x86_64/baseos/os/Packages/e/expat-2.5.0-5.el9_7.1.x86_64.rpm
    repoid: ubi-9-for-x86_64-baseos-rpms
    size: 120241
    checksum: sha256:e8ce7bfb8667fc6e4d080f4cae71e175a25cc78b5389a41e3e2e05ffe8edeafe
    name: expat
    evr: 2.5.0-5.el9_7.1
    sourcerpm: expat-2.5.0-5.el9_7.1.src.rpm
  - url: https://cdn-ubi.redhat.com/content/public/ubi/dist/ubi9/9/x86_64/baseos/os/Packages/p/python3-3.9.25-3.el9_7.3.x86_64.rpm
    repoid: ubi-9-for-x86_64-baseos-rpms
    size: 33505
    checksum: sha256:29a5d253a87106b87a81366e7485a25c6e31d0d7398c170bf10fe548d5c2d4c6
    name: python3
    evr: 3.9.25-3.el9_7.3
    sourcerpm: python3.9-3.9.25-3.el9_7.3.src.rpm
  - url: https://cdn-ubi.redhat.com/content/public/ubi/dist/ubi9/9/x86_64/baseos/os/Packages/p/python3-libs-3.9.25-3.el9_7.3.x86_64.rpm
    repoid: ubi-9-for-x86_64-baseos-rpms
    size: 8480467
    checksum: sha256:7ba279a66b1f1d93ef9400dc97d98cfe296676794a2e46dc5e46a898e8948c40
    name: python3-libs
    evr: 3.9.25-3.el9_7.3
    sourcerpm: python3.9-3.9.25-3.el9_7.3.src.rpm
  - url: https://cdn-ubi.redhat.com/content/public/ubi/dist/ubi9/9/x86_64/baseos/os/Packages/p/python3-pip-wheel-21.3.1-1.el9.noarch.rpm
    repoid: ubi-9-for-x86_64-baseos-rpms
    size: 1193706
    checksum: sha256:75c46aab03898c66ce16be556432b71aed7efcedce02b9263339c14f57b4fdc0
    name: python3-pip-wheel
    evr: 21.3.1-1.el9
    sourcerpm: python-pip-21.3.1-1.el9.src.rpm
  - url: https://cdn-ubi.redhat.com/content/public/ubi/dist/ubi9/9/x86_64/baseos/os/Packages/p/python3-setuptools-wheel-53.0.0-15.el9.noarch.rpm
    repoid: ubi-9-for-x86_64-baseos-rpms
    size: 479203
    checksum: sha256:36dacb345e21bc0308ef2508f0c93995520a15ef0b56aab3593186c8dc9c0c5a
    name: python3-setuptools-wheel
    evr: 53.0.0-15.el9
    sourcerpm: python-setuptools-53.0.0-15.el9.src.rpm
  source:
  - url: https://cdn-ubi.redhat.com/content/public/ubi/dist/ubi9/9/x86_64/baseos/source/SRPMS/Packages/e/expat-2.5.0-5.el9_7.1.src.rpm
    repoid: ubi-9-for-x86_64-baseos-source-rpms
    size: 8380127
    checksum: sha256:29a0e23a89d0f1ba640a694688699e1c765c4f5793d9f9c0642a97aa54179664
    name: expat
    evr: 2.5.0-5.el9_7.1
  - url: https://cdn-ubi.redhat.com/content/public/ubi/dist/ubi9/9/x86_64/baseos/source/SRPMS/Packages/l/libxcrypt-4.4.18-3.el9.src.rpm
    repoid: ubi-9-for-x86_64-baseos-source-rpms
    size: 543970
    checksum: sha256:d18f72eb41ecd0370e2e47f1dc5774be54e9ff3b4dd333578017666c7c488f40
    name: libxcrypt
    evr: 4.4.18-3.el9
  - url: https://cdn-ubi.redhat.com/content/public/ubi/dist/ubi9/9/x86_64/baseos/source/SRPMS/Packages/p/python-pip-21.3.1-1.el9.src.rpm
    repoid: ubi-9-for-x86_64-baseos-source-rpms
    size: 8984717
    checksum: sha256:cb9e0cca3bd8dc24798cf1fb333d574774ce8288598331d44994d768f33648d3
    name: python-pip
    evr: 21.3.1-1.el9
  - url: https://cdn-ubi.redhat.com/content/public/ubi/dist/ubi9/9/x86_64/baseos/source/SRPMS/Packages/p/python-setuptools-53.0.0-15.el9.src.rpm
    repoid: ubi-9-for-x86_64-baseos-source-rpms
    size: 2080284
    checksum: sha256:08d279a3ec69f016e717f56bcec922cd68353fa8acba8de8fb56cf34ebc876a5
    name: python-setuptools
    evr: 53.0.0-15.el9
  - url: https://cdn-ubi.redhat.com/content/public/ubi/dist/ubi9/9/x86_64/baseos/source/SRPMS/Packages/p/python3.9-3.9.25-3.el9_7.3.src.rpm
    repoid: ubi-9-for-x86_64-baseos-source-rpms
    size: 20825735
    checksum: sha256:43ab09b5e8666dbd63a4a9d1da2ad641b485d1a6451866bea77c8e1d4cb9d575
    name: python3.9
    evr: 3.9.25-3.el9_7.3
  module_metadata: []
