---
lockfileVersion: 1
lockfileVendor: redhat
arches:
- arch: x86_64
  packages:
  - url: https://cdn.redhat.com/content/dist/rhel9/9/x86_64/appstream/os/Packages/l/libvirt-libs-11.10.0-12.3.el9_8.x86_64.rpm
    repoid: rhel-9-for-x86_64-appstream-rpms
    size: 5773365
    checksum: sha256:0b56ff27258d42e29c49a356796a6f462ecd2f245ea0a484fc11d5cc900a9736
    name: libvirt-libs
    evr: 11.10.0-12.3.el9_8
    sourcerpm: libvirt-11.10.0-12.3.el9_8.src.rpm
  - url: https://cdn.redhat.com/content/dist/rhel9/9/x86_64/baseos/os/Packages/c/cyrus-sasl-gssapi-2.1.27-22.el9.x86_64.rpm
    repoid: rhel-9-for-x86_64-baseos-rpms
    size: 25734
    checksum: sha256:4829e95f203974198ee79e54957ecd6669dfeb22aab4160ad1cbb67b90f7abec
    name: cyrus-sasl-gssapi
    evr: 2.1.27-22.el9
    sourcerpm: cyrus-sasl-2.1.27-22.el9.src.rpm
  - url: https://cdn.redhat.com/content/dist/rhel9/9/x86_64/baseos/os/Packages/l/libnl3-3.11.0-1.el9.x86_64.rpm
    repoid: rhel-9-for-x86_64-baseos-rpms
    size: 376137
    checksum: sha256:89728a253a5bf1c8e01c40573f1283d40188e003bdbd4ac565f8b0f05bced55c
    name: libnl3
    evr: 3.11.0-1.el9
    sourcerpm: libnl3-3.11.0-1.el9.src.rpm
  - url: https://cdn.redhat.com/content/dist/rhel9/9/x86_64/baseos/os/Packages/l/libssh-0.10.4-18.el9.x86_64.rpm
    repoid: rhel-9-for-x86_64-baseos-rpms
    size: 225119
    checksum: sha256:4a3ec8a0cc0d4f693a876c522d3e4bc2296180b9ec05f958f6a0aa8658702458
    name: libssh
    evr: 0.10.4-18.el9
    sourcerpm: libssh-0.10.4-18.el9.src.rpm
  - url: https://cdn.redhat.com/content/dist/rhel9/9/x86_64/baseos/os/Packages/l/libssh-config-0.10.4-18.el9.noarch.rpm
    repoid: rhel-9-for-x86_64-baseos-rpms
    size: 14685
    checksum: sha256:ab353cbff2269677fc7364bfcddb8e11537ea83361a0ad642e60eac87ed67fbb
    name: libssh-config
    evr: 0.10.4-18.el9
    sourcerpm: libssh-0.10.4-18.el9.src.rpm
  - url: https://cdn.redhat.com/content/dist/rhel9/9/x86_64/baseos/os/Packages/n/numactl-libs-2.0.19-3.el9.x86_64.rpm
    repoid: rhel-9-for-x86_64-baseos-rpms
    size: 31071
    checksum: sha256:dcf66dcbdacd6d030f240de129ba1e939c30ed4217ccf40d36dcaebb3aa9e728
    name: numactl-libs
    evr: 2.0.19-3.el9
    sourcerpm: numactl-2.0.19-3.el9.src.rpm
  - url: https://cdn.redhat.com/content/dist/rhel9/9/x86_64/codeready-builder/os/Packages/l/libvirt-devel-11.10.0-12.3.el9_8.x86_64.rpm
    repoid: codeready-builder-for-rhel-9-x86_64-rpms
    size: 234840
    checksum: sha256:a750167a88c992447dc36208ad295e2a46fec7f59ef766e4474acd135b206003
    name: libvirt-devel
    evr: 11.10.0-12.3.el9_8
    sourcerpm: libvirt-11.10.0-12.3.el9_8.src.rpm
  source: []
  module_metadata: []
