metadata: 
  version: "1.0"
artifacts:
  - download_url: "https://github.com/kubev2v/forklift/raw/refs/heads/release-2.10/build/forklift-cli-download/artifacts/kubectl-mtv-darwin-amd64.tar.gz" 
    checksum: "sha256:fd4af80e190bd3341f2200561dfe5296bc0dd9d32ef24a8686c9385867cb5c50"
    filename: "kubectl-mtv-darwin-amd64.tar.gz"
  - download_url: "https://github.com/kubev2v/forklift/raw/refs/heads/release-2.10/build/forklift-cli-download/artifacts/kubectl-mtv-darwin-arm64.tar.gz"
    checksum: "sha256:d76448913d06e189429467d7b72677b091c68ffc8bbcafd7f09a3c2eac320b05"
    filename: "kubectl-mtv-darwin-arm64.tar.gz"
  - download_url: "https://github.com/kubev2v/forklift/raw/refs/heads/release-2.10/build/forklift-cli-download/artifacts/kubectl-mtv-linux-amd64.tar.gz"
    checksum: "sha256:b97786887124755351ff8ea2065dafbefca4b048fefa4cb8887e1450a720d4c0"
    filename: "kubectl-mtv-linux-amd64.tar.gz"
  - download_url: "https://github.com/kubev2v/forklift/raw/refs/heads/release-2.10/build/forklift-cli-download/artifacts/kubectl-mtv-linux-arm64.tar.gz" 
    checksum: "sha256:0ed7fb20986c90e4d1a145f2ee87ba98a769a6b5d57cf190623e25a096f0cce7"
    filename: "kubectl-mtv-linux-arm64.tar.gz"
  - download_url: "https://github.com/kubev2v/forklift/raw/refs/heads/release-2.10/build/forklift-cli-download/artifacts/kubectl-mtv-windows-amd64.zip" 
    checksum: "sha256:74cbdcdff8f3cb1a23b554833a0696be51cef58e6f6c6ed59c3a1e64b15dad2b"
    filename: "kubectl-mtv-windows-amd64.zip"
  - download_url: "https://github.com/kubev2v/forklift/raw/refs/heads/release-2.10/build/forklift-cli-download/artifacts/mcp-servers-darwin-amd64.tar.gz"
    checksum: "sha256:b8c0ad27de730f552bf80681cbedacca81c4f56be8fa4d0132d7e75c865851f6"
    filename: "mcp-servers-darwin-amd64.tar.gz"
  - download_url: "https://github.com/kubev2v/forklift/raw/refs/heads/release-2.10/build/forklift-cli-download/artifacts/mcp-servers-darwin-arm64.tar.gz"
    checksum: "sha256:df9fdf6e0def1b90a0bd180cbd1b41bb2825841647045b4dae0253e4b51cb664"
    filename: "mcp-servers-darwin-arm64.tar.gz"
  - download_url: "https://github.com/kubev2v/forklift/raw/refs/heads/release-2.10/build/forklift-cli-download/artifacts/mcp-servers-linux-amd64.tar.gz"
    checksum: "sha256:fab61eceac3b57a22ffa966d5030603c99763616bab60a5e4e4a02bb3b65dc72"
    filename: "mcp-servers-linux-amd64.tar.gz"
  - download_url: "https://github.com/kubev2v/forklift/raw/refs/heads/release-2.10/build/forklift-cli-download/artifacts/mcp-servers-linux-arm64.tar.gz"
    checksum: "sha256:d3e9b8a20df3a73499daae8aed25f3d6c8326212af359c707d4938dc08832490"
    filename: "mcp-servers-linux-arm64.tar.gz"
  - download_url: "https://github.com/kubev2v/forklift/raw/refs/heads/release-2.10/build/forklift-cli-download/artifacts/mcp-servers-windows-amd64.zip"
    checksum: "sha256:92933723818c792ea9a498e65a13420c38a4b557ee5bb54dd37e8a0fbe558e08"
    filename: "mcp-servers-windows-amd64.zip"
